
Microsoft Visual Studio Solution File, Format Version 12.00
# Visual Studio Version 17
VisualStudioVersion = 17.3.32804.467
MinimumVisualStudioVersion = 10.0.40219.1
Project("{9A19103F-16F7-4668-BE54-9A1E7A4F7556}") = "VatIDChecker", "VatIDChecker\VatIDChecker.csproj", "{7ECBE072-94D7-4A43-A5B7-AE5DE5BAE5A2}"
EndProject
Project("{9A19103F-16F7-4668-BE54-9A1E7A4F7556}") = "VatIDChecker.Tests", "VatIDChecker.Tests\VatIDChecker.Tests.csproj", "{4EA8FD17-22E5-4F86-AB37-DEA24757C96D}"
EndProject
Project("{2150E333-8FDC-42A3-9474-1A3956D46DE8}") = "Div", "Div", "{C992E230-469B-4677-8B48-120BAFCD3389}"
	ProjectSection(SolutionItems) = preProject
		..\.github\workflows\action.yml = ..\.github\workflows\action.yml
		..\provisioning\connect.ps1 = ..\provisioning\connect.ps1
		..\provisioning\Deploy-AzTemplate.ps1 = ..\provisioning\Deploy-AzTemplate.ps1
		..\provisioning\deploy.json = ..\provisioning\deploy.json
		..\provisioning\deploy.ps1 = ..\provisioning\deploy.ps1
		..\README.md = ..\README.md
		..\testrequests.rest = ..\testrequests.rest
	EndProjectSection
EndProject
Global
	GlobalSection(SolutionConfigurationPlatforms) = preSolution
		Debug|Any CPU = Debug|Any CPU
		Release|Any CPU = Release|Any CPU
	EndGlobalSection
	GlobalSection(ProjectConfigurationPlatforms) = postSolution
		{7ECBE072-94D7-4A43-A5B7-AE5DE5BAE5A2}.Debug|Any CPU.ActiveCfg = Debug|Any CPU
		{7ECBE072-94D7-4A43-A5B7-AE5DE5BAE5A2}.Debug|Any CPU.Build.0 = Debug|Any CPU
		{7ECBE072-94D7-4A43-A5B7-AE5DE5BAE5A2}.Release|Any CPU.ActiveCfg = Release|Any CPU
		{7ECBE072-94D7-4A43-A5B7-AE5DE5BAE5A2}.Release|Any CPU.Build.0 = Release|Any CPU
		{4EA8FD17-22E5-4F86-AB37-DEA24757C96D}.Debug|Any CPU.ActiveCfg = Debug|Any CPU
		{4EA8FD17-22E5-4F86-AB37-DEA24757C96D}.Debug|Any CPU.Build.0 = Debug|Any CPU
		{4EA8FD17-22E5-4F86-AB37-DEA24757C96D}.Release|Any CPU.ActiveCfg = Release|Any CPU
		{4EA8FD17-22E5-4F86-AB37-DEA24757C96D}.Release|Any CPU.Build.0 = Release|Any CPU
	EndGlobalSection
	GlobalSection(SolutionProperties) = preSolution
		HideSolutionNode = FALSE
	EndGlobalSection
	GlobalSection(ExtensibilityGlobals) = postSolution
		SolutionGuid = {FFCD2EB8-DE2A-4A71-B1FD-2CB1968481EE}
	EndGlobalSection
EndGlobal
